
Microsoft Visual Studio Solution File, Format Version 12.00
# Visual Studio Version 17
VisualStudioVersion = 17.11.35327.3
MinimumVisualStudioVersion = 10.0.40219.1
Project("{9A19103F-16F7-4668-BE54-9A1E7A4F7556}") = "GameCatalog", "GameCatalog\GameCatalog.csproj", "{50C67B08-5591-4CAD-9E64-5049316D4CEB}"
EndProject
Project("{9A19103F-16F7-4668-BE54-9A1E7A4F7556}") = "GameCatalogTest", "GameCatalogTest\GameCatalogTest.csproj", "{EF0CA3A9-A5EB-4789-8750-ABD0D62066E6}"
EndProject
Project("{2150E333-8FDC-42A3-9474-1A3956D46DE8}") = "Solution Items", "Solution Items", "{582A5605-BA8D-414C-82BC-FDFD3F0ABA13}"
	ProjectSection(SolutionItems) = preProject
		readme.md = readme.md
	EndProjectSection
EndProject
Global
	GlobalSection(SolutionConfigurationPlatforms) = preSolution
		Debug|Any CPU = Debug|Any CPU
		Release|Any CPU = Release|Any CPU
	EndGlobalSection
	GlobalSection(ProjectConfigurationPlatforms) = postSolution
		{50C67B08-5591-4CAD-9E64-5049316D4CEB}.Debug|Any CPU.ActiveCfg = Debug|Any CPU
		{50C67B08-5591-4CAD-9E64-5049316D4CEB}.Debug|Any CPU.Build.0 = Debug|Any CPU
		{50C67B08-5591-4CAD-9E64-5049316D4CEB}.Release|Any CPU.ActiveCfg = Release|Any CPU
		{50C67B08-5591-4CAD-9E64-5049316D4CEB}.Release|Any CPU.Build.0 = Release|Any CPU
		{EF0CA3A9-A5EB-4789-8750-ABD0D62066E6}.Debug|Any CPU.ActiveCfg = Debug|Any CPU
		{EF0CA3A9-A5EB-4789-8750-ABD0D62066E6}.Debug|Any CPU.Build.0 = Debug|Any CPU
		{EF0CA3A9-A5EB-4789-8750-ABD0D62066E6}.Release|Any CPU.ActiveCfg = Release|Any CPU
		{EF0CA3A9-A5EB-4789-8750-ABD0D62066E6}.Release|Any CPU.Build.0 = Release|Any CPU
	EndGlobalSection
	GlobalSection(SolutionProperties) = preSolution
		HideSolutionNode = FALSE
	EndGlobalSection
	GlobalSection(ExtensibilityGlobals) = postSolution
		SolutionGuid = {D77E9FB6-8B41-4DA0-A8F8-3217AA831D0B}
	EndGlobalSection
EndGlobal
